
Microsoft Visual Studio Solution File, Format Version 12.00
# Visual Studio Version 16
VisualStudioVersion = 16.0.31019.35
MinimumVisualStudioVersion = 10.0.40219.1
Project("{FAE04EC0-301F-11D3-BF4B-00C04F79EFBC}") = "LabWork_Strings", "LabWork_Strings.csproj", "{ADF8DFDC-952B-40FE-915E-1B4617558501}"
EndProject
Global
	GlobalSection(SolutionConfigurationPlatforms) = preSolution
		Debug|Any CPU = Debug|Any CPU
		Release|Any CPU = Release|Any CPU
	EndGlobalSection
	GlobalSection(ProjectConfigurationPlatforms) = postSolution
		{ADF8DFDC-952B-40FE-915E-1B4617558501}.Debug|Any CPU.ActiveCfg = Debug|Any CPU
		{ADF8DFDC-952B-40FE-915E-1B4617558501}.Debug|Any CPU.Build.0 = Debug|Any CPU
		{ADF8DFDC-952B-40FE-915E-1B4617558501}.Release|Any CPU.ActiveCfg = Release|Any CPU
		{ADF8DFDC-952B-40FE-915E-1B4617558501}.Release|Any CPU.Build.0 = Release|Any CPU
	EndGlobalSection
	GlobalSection(SolutionProperties) = preSolution
		HideSolutionNode = FALSE
	EndGlobalSection
	GlobalSection(ExtensibilityGlobals) = postSolution
		SolutionGuid = {7570B089-062A-4F95-BE68-735BCCB5B56D}
	EndGlobalSection
EndGlobal
